
Microsoft Visual Studio Solution File, Format Version 12.00
# Visual Studio Version 17
VisualStudioVersion = 17.9.34701.34
MinimumVisualStudioVersion = 10.0.40219.1
Project("{FAE04EC0-301F-11D3-BF4B-00C04F79EFBC}") = "LinuxTest", "LinuxTest\LinuxTest.csproj", "{2F8D0780-6432-4314-A499-38849D906FE5}"
EndProject
Project("{FAE04EC0-301F-11D3-BF4B-00C04F79EFBC}") = "TestProject1", "TestProject1\TestProject1.csproj", "{9BAD1F39-B9CB-47A6-BBCA-65F74363F268}"
EndProject
Global
	GlobalSection(SolutionConfigurationPlatforms) = preSolution
		Debug|Any CPU = Debug|Any CPU
		Release|Any CPU = Release|Any CPU
	EndGlobalSection
	GlobalSection(ProjectConfigurationPlatforms) = postSolution
		{2F8D0780-6432-4314-A499-38849D906FE5}.Debug|Any CPU.ActiveCfg = Debug|Any CPU
		{2F8D0780-6432-4314-A499-38849D906FE5}.Debug|Any CPU.Build.0 = Debug|Any CPU
		{2F8D0780-6432-4314-A499-38849D906FE5}.Release|Any CPU.ActiveCfg = Release|Any CPU
		{2F8D0780-6432-4314-A499-38849D906FE5}.Release|Any CPU.Build.0 = Release|Any CPU
		{9BAD1F39-B9CB-47A6-BBCA-65F74363F268}.Debug|Any CPU.ActiveCfg = Debug|Any CPU
		{9BAD1F39-B9CB-47A6-BBCA-65F74363F268}.Debug|Any CPU.Build.0 = Debug|Any CPU
		{9BAD1F39-B9CB-47A6-BBCA-65F74363F268}.Release|Any CPU.ActiveCfg = Release|Any CPU
		{9BAD1F39-B9CB-47A6-BBCA-65F74363F268}.Release|Any CPU.Build.0 = Release|Any CPU
	EndGlobalSection
	GlobalSection(SolutionProperties) = preSolution
		HideSolutionNode = FALSE
	EndGlobalSection
	GlobalSection(ExtensibilityGlobals) = postSolution
		SolutionGuid = {138D4475-EBEC-443C-9ADB-468A336CD6E9}
	EndGlobalSection
EndGlobal
